
Microsoft Visual Studio Solution File, Format Version 12.00
# Visual Studio Version 16
VisualStudioVersion = 16.0.31129.286
MinimumVisualStudioVersion = 10.0.40219.1
Project("{FAE04EC0-301F-11D3-BF4B-00C04F79EFBC}") = "UDBPlus", "UDBPlus.csproj", "{4A881FF7-CAE4-444E-A468-EE1D9904CD4A}"
EndProject
Global
	GlobalSection(SolutionConfigurationPlatforms) = preSolution
		Debug|Any CPU = Debug|Any CPU
		Release|Any CPU = Release|Any CPU
	EndGlobalSection
	GlobalSection(ProjectConfigurationPlatforms) = postSolution
		{4A881FF7-CAE4-444E-A468-EE1D9904CD4A}.Debug|Any CPU.ActiveCfg = Debug|Any CPU
		{4A881FF7-CAE4-444E-A468-EE1D9904CD4A}.Debug|Any CPU.Build.0 = Debug|Any CPU
		{4A881FF7-CAE4-444E-A468-EE1D9904CD4A}.Release|Any CPU.ActiveCfg = Release|Any CPU
		{4A881FF7-CAE4-444E-A468-EE1D9904CD4A}.Release|Any CPU.Build.0 = Release|Any CPU
	EndGlobalSection
	GlobalSection(SolutionProperties) = preSolution
		HideSolutionNode = FALSE
	EndGlobalSection
	GlobalSection(ExtensibilityGlobals) = postSolution
		SolutionGuid = {31CC0199-579F-47DA-9CF8-96499C247DCE}
	EndGlobalSection
EndGlobal
